// !$*UTF8*$!
{
	archiveVersion = 1;
	classes = {
	};
	objectVersion = 50;
	objects = {

/* Begin PBXBuildFile section */
		A1867598220F244400D09E68 /* AppDelegate.m in Sources */ = {isa = PBXBuildFile; fileRef = A1867597220F244400D09E68 /* AppDelegate.m */; };
		A186759B220F244400D09E68 /* ViewController.m in Sources */ = {isa = PBXBuildFile; fileRef = A186759A220F244400D09E68 /* ViewController.m */; };
		A186759E220F244400D09E68 /* Main.storyboard in Resources */ = {isa = PBXBuildFile; fileRef = A186759C220F244400D09E68 /* Main.storyboard */; };
		A18675A0220F244500D09E68 /* Assets.xcassets in Resources */ = {isa = PBXBuildFile; fileRef = A186759F220F244500D09E68 /* Assets.xcassets */; };
		A18675A3220F244500D09E68 /* LaunchScreen.storyboard in Resources */ = {isa = PBXBuildFile; fileRef = A18675A1220F244500D09E68 /* LaunchScreen.storyboard */; };
		A18675A6220F244500D09E68 /* main.m in Sources */ = {isa = PBXBuildFile; fileRef = A18675A5220F244500D09E68 /* main.m */; };
		F47BC34341AD7B7F7BB0BA1D /* libPods-CrashCatcher.a in Frameworks */ = {isa = PBXBuildFile; fileRef = 3D60DF4AF0CB6A18D743FF25 /* libPods-CrashCatcher.a */; };
/* End PBXBuildFile section */

/* Begin PBXFileReference section */
		34145CC5433096D8E5538B79 /* Pods-CrashCatcher.debug.xcconfig */ = {isa = PBXFileReference; includeInIndex = 1; lastKnownFileType = text.xcconfig; name = "Pods-CrashCatcher.debug.xcconfig"; path = "Pods/Target Support Files/Pods-CrashCatcher/Pods-CrashCatcher.debug.xcconfig"; sourceTree = "<group>"; };
		3D60DF4AF0CB6A18D743FF25 /* libPods-CrashCatcher.a */ = {isa = PBXFileReference; explicitFileType = archive.ar; includeInIndex = 0; path = "libPods-CrashCatcher.a"; sourceTree = BUILT_PRODUCTS_DIR; };
		53629D92434D7617F03A4CE2 /* Pods-CrashCatcher.release.xcconfig */ = {isa = PBXFileReference; includeInIndex = 1; lastKnownFileType = text.xcconfig; name = "Pods-CrashCatcher.release.xcconfig"; path = "Pods/Target Support Files/Pods-CrashCatcher/Pods-CrashCatcher.release.xcconfig"; sourceTree = "<group>"; };
		A1867593220F244400D09E68 /* CrashCatcher.app */ = {isa = PBXFileReference; explicitFileType = wrapper.application; includeInIndex = 0; path = CrashCatcher.app; sourceTree = BUILT_PRODUCTS_DIR; };
		A1867596220F244400D09E68 /* AppDelegate.h */ = {isa = PBXFileReference; lastKnownFileType = sourcecode.c.h; path = AppDelegate.h; sourceTree = "<group>"; };
		A1867597220F244400D09E68 /* AppDelegate.m */ = {isa = PBXFileReference; lastKnownFileType = sourcecode.c.objc; path = AppDelegate.m; sourceTree = "<group>"; };
		A1867599220F244400D09E68 /* ViewController.h */ = {isa = PBXFileReference; lastKnownFileType = sourcecode.c.h; path = ViewController.h; sourceTree = "<group>"; };
		A186759A220F244400D09E68 /* ViewController.m */ = {isa = PBXFileReference; lastKnownFileType = sourcecode.c.objc; path = ViewController.m; sourceTree = "<group>"; };
		A186759D220F244400D09E68 /* Base */ = {isa = PBXFileReference; lastKnownFileType = file.storyboard; name = Base; path = Base.lproj/Main.storyboard; sourceTree = "<group>"; };
		A186759F220F244500D09E68 /* Assets.xcassets */ = {isa = PBXFileReference; lastKnownFileType = folder.assetcatalog; path = Assets.xcassets; sourceTree = "<group>"; };
		A18675A2220F244500D09E68 /* Base */ = {isa = PBXFileReference; lastKnownFileType = file.storyboard; name = Base; path = Base.lproj/LaunchScreen.storyboard; sourceTree = "<group>"; };
		A18675A4220F244500D09E68 /* Info.plist */ = {isa = PBXFileReference; lastKnownFileType = text.plist.xml; path = Info.plist; sourceTree = "<group>"; };
		A18675A5220F244500D09E68 /* main.m */ = {isa = PBXFileReference; lastKnownFileType = sourcecode.c.objc; path = main.m; sourceTree = "<group>"; };
/* End PBXFileReference section */

/* Begin PBXFrameworksBuildPhase section */
		A1867590220F244400D09E68 /* Frameworks */ = {
			isa = PBXFrameworksBuildPhase;
			buildActionMask = 2147483647;
			files = (
				F47BC34341AD7B7F7BB0BA1D /* libPods-CrashCatcher.a in Frameworks */,
			);
			runOnlyForDeploymentPostprocessing = 0;
		};
/* End PBXFrameworksBuildPhase section */

/* Begin PBXGroup section */
		1759E87FD4286194D3048757 /* Frameworks */ = {
			isa = PBXGroup;
			children = (
				3D60DF4AF0CB6A18D743FF25 /* libPods-CrashCatcher.a */,
			);
			name = Frameworks;
			sourceTree = "<group>";
		};
		99F6F2CA7CD2105F66D7C68F /* Pods */ = {
			isa = PBXGroup;
			children = (
				34145CC5433096D8E5538B79 /* Pods-CrashCatcher.debug.xcconfig */,
				53629D92434D7617F03A4CE2 /* Pods-CrashCatcher.release.xcconfig */,
			);
			name = Pods;
			sourceTree = "<group>";
		};
		A186758A220F244400D09E68 = {
			isa = PBXGroup;
			children = (
				A1867595220F244400D09E68 /* CrashCatcher */,
				A1867594220F244400D09E68 /* Products */,
				99F6F2CA7CD2105F66D7C68F /* Pods */,
				1759E87FD4286194D3048757 /* Frameworks */,
			);
			sourceTree = "<group>";
		};
		A1867594220F244400D09E68 /* Products */ = {
			isa = PBXGroup;
			children = (
				A1867593220F244400D09E68 /* CrashCatcher.app */,
			);
			name = Products;
			sourceTree = "<group>";
		};
		A1867595220F244400D09E68 /* CrashCatcher */ = {
			isa = PBXGroup;
			children = (
				A1867596220F244400D09E68 /* AppDelegate.h */,
				A1867597220F244400D09E68 /* AppDelegate.m */,
				A1867599220F244400D09E68 /* ViewController.h */,
				A186759A220F244400D09E68 /* ViewController.m */,
				A186759C220F244400D09E68 /* Main.storyboard */,
				A186759F220F244500D09E68 /* Assets.xcassets */,
				A18675A1220F244500D09E68 /* LaunchScreen.storyboard */,
				A18675A4220F244500D09E68 /* Info.plist */,
				A18675A5220F244500D09E68 /* main.m */,
			);
			path = CrashCatcher;
			sourceTree = "<group>";
		};
/* End PBXGroup section */

/* Begin PBXNativeTarget section */
		A1867592220F244400D09E68 /* CrashCatcher */ = {
			isa = PBXNativeTarget;
			buildConfigurationList = A18675A9220F244500D09E68 /* Build configuration list for PBXNativeTarget "CrashCatcher" */;
			buildPhases = (
				F3B11D63526229989E40125E /* [CP] Check Pods Manifest.lock */,
				A186758F220F244400D09E68 /* Sources */,
				A1867590220F244400D09E68 /* Frameworks */,
				A1867591220F244400D09E68 /* Resources */,
			);
			buildRules = (
			);
			dependencies = (
			);
			name = CrashCatcher;
			productName = CrashCatcher;
			productReference = A1867593220F244400D09E68 /* CrashCatcher.app */;
			productType = "com.apple.product-type.application";
		};
/* End PBXNativeTarget section */

/* Begin PBXProject section */
		A186758B220F244400D09E68 /* Project object */ = {
			isa = PBXProject;
			attributes = {
				LastUpgradeCheck = 1010;
				ORGANIZATIONNAME = Svetliy;
				TargetAttributes = {
					A1867592220F244400D09E68 = {
						CreatedOnToolsVersion = 10.1;
					};
				};
			};
			buildConfigurationList = A186758E220F244400D09E68 /* Build configuration list for PBXProject "CrashCatcher" */;
			compatibilityVersion = "Xcode 9.3";
			developmentRegion = en;
			hasScannedForEncodings = 0;
			knownRegions = (
				en,
				Base,
			);
			mainGroup = A186758A220F244400D09E68;
			productRefGroup = A1867594220F244400D09E68 /* Products */;
			projectDirPath = "";
			projectRoot = "";
			targets = (
				A1867592220F244400D09E68 /* CrashCatcher */,
			);
		};
/* End PBXProject section */

/* Begin PBXResourcesBuildPhase section */
		A1867591220F244400D09E68 /* Resources */ = {
			isa = PBXResourcesBuildPhase;
			buildActionMask = 2147483647;
			files = (
				A18675A3220F244500D09E68 /* LaunchScreen.storyboard in Resources */,
				A18675A0220F244500D09E68 /* Assets.xcassets in Resources */,
				A186759E220F244400D09E68 /* Main.storyboard in Resources */,
			);
			runOnlyForDeploymentPostprocessing = 0;
		};
/* End PBXResourcesBuildPhase section */

/* Begin PBXShellScriptBuildPhase section */
		F3B11D63526229989E40125E /* [CP] Check Pods Manifest.lock */ = {
			isa = PBXShellScriptBuildPhase;
			buildActionMask = 2147483647;
			files = (
			);
			inputFileListPaths = (
			);
			inputPaths = (
				"${PODS_PODFILE_DIR_PATH}/Podfile.lock",
				"${PODS_ROOT}/Manifest.lock",
			);
			name = "[CP] Check Pods Manifest.lock";
			outputFileListPaths = (
			);
			outputPaths = (
				"$(DERIVED_FILE_DIR)/Pods-CrashCatcher-checkManifestLockResult.txt",
			);
			runOnlyForDeploymentPostprocessing = 0;
			shellPath = /bin/sh;
			shellScript = "diff \"${PODS_PODFILE_DIR_PATH}/Podfile.lock\" \"${PODS_ROOT}/Manifest.lock\" > /dev/null\nif [ $? != 0 ] ; then\n    # print error to STDERR\n    echo \"error: The sandbox is not in sync with the Podfile.lock. Run 'pod install' or update your CocoaPods installation.\" >&2\n    exit 1\nfi\n# This output is used by Xcode 'outputs' to avoid re-running this script phase.\necho \"SUCCESS\" > \"${SCRIPT_OUTPUT_FILE_0}\"\n";
			showEnvVarsInLog = 0;
		};
/* End PBXShellScriptBuildPhase section */

/* Begin PBXSourcesBuildPhase section */
		A186758F220F244400D09E68 /* Sources */ = {
			isa = PBXSourcesBuildPhase;
			buildActionMask = 2147483647;
			files = (
				A186759B220F244400D09E68 /* ViewController.m in Sources */,
				A18675A6220F244500D09E68 /* main.m in Sources */,
				A1867598220F244400D09E68 /* AppDelegate.m in Sources */,
			);
			runOnlyForDeploymentPostprocessing = 0;
		};
/* End PBXSourcesBuildPhase section */

/* Begin PBXVariantGroup section */
		A186759C220F244400D09E68 /* Main.storyboard */ = {
			isa = PBXVariantGroup;
			children = (
				A186759D220F244400D09E68 /* Base */,
			);
			name = Main.storyboard;
			sourceTree = "<group>";
		};
		A18675A1220F244500D09E68 /* LaunchScreen.storyboard */ = {
			isa = PBXVariantGroup;
			children = (
				A18675A2220F244500D09E68 /* Base */,
			);
			name = LaunchScreen.storyboard;
			sourceTree = "<group>";
		};
/* End PBXVariantGroup section */

/* Begin XCBuildConfiguration section */
		A18675A7220F244500D09E68 /* Debug */ = {
			isa = XCBuildConfiguration;
			buildSettings = {
				ALWAYS_SEARCH_USER_PATHS = NO;
				CLANG_ANALYZER_NONNULL = YES;
				CLANG_ANALYZER_NUMBER_OBJECT_CONVERSION = YES_AGGRESSIVE;
				CLANG_CXX_LANGUAGE_STANDARD = "gnu++14";
				CLANG_CXX_LIBRARY = "libc++";
				CLANG_ENABLE_MODULES = YES;
				CLANG_ENABLE_OBJC_ARC = YES;
				CLANG_ENABLE_OBJC_WEAK = YES;
				CLANG_WARN_BLOCK_CAPTURE_AUTORELEASING = YES;
				CLANG_WARN_BOOL_CONVERSION = YES;
				CLANG_WARN_COMMA = YES;
				CLANG_WARN_CONSTANT_CONVERSION = YES;
				CLANG_WARN_DEPRECATED_OBJC_IMPLEMENTATIONS = YES;
				CLANG_WARN_DIRECT_OBJC_ISA_USAGE = YES_ERROR;
				CLANG_WARN_DOCUMENTATION_COMMENTS = YES;
				CLANG_WARN_EMPTY_BODY = YES;
				CLANG_WARN_ENUM_CONVERSION = YES;
				CLANG_WARN_INFINITE_RECURSION = YES;
				CLANG_WARN_INT_CONVERSION = YES;
				CLANG_WARN_NON_LITERAL_NULL_CONVERSION = YES;
				CLANG_WARN_OBJC_IMPLICIT_RETAIN_SELF = YES;
				CLANG_WARN_OBJC_LITERAL_CONVERSION = YES;
				CLANG_WARN_OBJC_ROOT_CLASS = YES_ERROR;
				CLANG_WARN_RANGE_LOOP_ANALYSIS = YES;
				CLANG_WARN_STRICT_PROTOTYPES = YES;
				CLANG_WARN_SUSPICIOUS_MOVE = YES;
				CLANG_WARN_UNGUARDED_AVAILABILITY = YES_AGGRESSIVE;
				CLANG_WARN_UNREACHABLE_CODE = YES;
				CLANG_WARN__DUPLICATE_METHOD_MATCH = YES;
				CODE_SIGN_IDENTITY = "iPhone Developer";
				COPY_PHASE_STRIP = NO;
				DEBUG_INFORMATION_FORMAT = dwarf;
				ENABLE_STRICT_OBJC_MSGSEND = YES;
				ENABLE_TESTABILITY = YES;
				GCC_C_LANGUAGE_STANDARD = gnu11;
				GCC_DYNAMIC_NO_PIC = NO;
				GCC_NO_COMMON_BLOCKS = YES;
				GCC_OPTIMIZATION_LEVEL = 0;
				GCC_PREPROCESSOR_DEFINITIONS = (
					"DEBUG=1",
					"$(inherited)",
				);
				GCC_WARN_64_TO_32_BIT_CONVERSION = YES;
				GCC_WARN_ABOUT_RETURN_TYPE = YES_ERROR;
				GCC_WARN_UNDECLARED_SELECTOR = YES;
				GCC_WARN_UNINITIALIZED_AUTOS = YES_AGGRESSIVE;
				GCC_WARN_UNUSED_FUNCTION = YES;
				GCC_WARN_UNUSED_VARIABLE = YES;
				IPHONEOS_DEPLOYMENT_TARGET = 12.1;
				MTL_ENABLE_DEBUG_INFO = INCLUDE_SOURCE;
				MTL_FAST_MATH = YES;
				ONLY_ACTIVE_ARCH = YES;
				SDKROOT = iphoneos;
			};
			name = Debug;
		};
		A18675A8220F244500D09E68 /* Release */ = {
			isa = XCBuildConfiguration;
			buildSettings = {
				ALWAYS_SEARCH_USER_PATHS = NO;
				CLANG_ANALYZER_NONNULL = YES;
				CLANG_ANALYZER_NUMBER_OBJECT_CONVERSION = YES_AGGRESSIVE;
				CLANG_CXX_LANGUAGE_STANDARD = "gnu++14";
				CLANG_CXX_LIBRARY = "libc++";
				CLANG_ENABLE_MODULES = YES;
				CLANG_ENABLE_OBJC_ARC = YES;
				CLANG_ENABLE_OBJC_WEAK = YES;
				CLANG_WARN_BLOCK_CAPTURE_AUTORELEASING = YES;
				CLANG_WARN_BOOL_CONVERSION = YES;
				CLANG_WARN_COMMA = YES;
				CLANG_WARN_CONSTANT_CONVERSION = YES;
				CLANG_WARN_DEPRECATED_OBJC_IMPLEMENTATIONS = YES;
				CLANG_WARN_DIRECT_OBJC_ISA_USAGE = YES_ERROR;
				CLANG_WARN_DOCUMENTATION_COMMENTS = YES;
				CLANG_WARN_EMPTY_BODY = YES;
				CLANG_WARN_ENUM_CONVERSION = YES;
				CLANG_WARN_INFINITE_RECURSION = YES;
				CLANG_WARN_INT_CONVERSION = YES;
				CLANG_WARN_NON_LITERAL_NULL_CONVERSION = YES;
				CLANG_WARN_OBJC_IMPLICIT_RETAIN_SELF = YES;
				CLANG_WARN_OBJC_LITERAL_CONVERSION = YES;
				CLANG_WARN_OBJC_ROOT_CLASS = YES_ERROR;
				CLANG_WARN_RANGE_LOOP_ANALYSIS = YES;
				CLANG_WARN_STRICT_PROTOTYPES = YES;
				CLANG_WARN_SUSPICIOUS_MOVE = YES;
				CLANG_WARN_UNGUARDED_AVAILABILITY = YES_AGGRESSIVE;
				CLANG_WARN_UNREACHABLE_CODE = YES;
				CLANG_WARN__DUPLICATE_METHOD_MATCH = YES;
				CODE_SIGN_IDENTITY = "iPhone Developer";
				COPY_PHASE_STRIP = NO;
				DEBUG_INFORMATION_FORMAT = "dwarf-with-dsym";
				ENABLE_NS_ASSERTIONS = NO;
				ENABLE_STRICT_OBJC_MSGSEND = YES;
				GCC_C_LANGUAGE_STANDARD = gnu11;
				GCC_NO_COMMON_BLOCKS = YES;
				GCC_WARN_64_TO_32_BIT_CONVERSION = YES;
				GCC_WARN_ABOUT_RETURN_TYPE = YES_ERROR;
				GCC_WARN_UNDECLARED_SELECTOR = YES;
				GCC_WARN_UNINITIALIZED_AUTOS = YES_AGGRESSIVE;
				GCC_WARN_UNUSED_FUNCTION = YES;
				GCC_WARN_UNUSED_VARIABLE = YES;
				IPHONEOS_DEPLOYMENT_TARGET = 12.1;
				MTL_ENABLE_DEBUG_INFO = NO;
				MTL_FAST_MATH = YES;
				SDKROOT = iphoneos;
				VALIDATE_PRODUCT = YES;
			};
			name = Release;
		};
		A18675AA220F244500D09E68 /* Debug */ = {
			isa = XCBuildConfiguration;
			baseConfigurationReference = 34145CC5433096D8E5538B79 /* Pods-CrashCatcher.debug.xcconfig */;
			buildSettings = {
				ASSETCATALOG_COMPILER_APPICON_NAME = AppIcon;
				CODE_SIGN_STYLE = Automatic;
				INFOPLIST_FILE = CrashCatcher/Info.plist;
				LD_RUNPATH_SEARCH_PATHS = (
					"$(inherited)",
					"@executable_path/Frameworks",
				);
				PRODUCT_BUNDLE_IDENTIFIER = com.svetliy.CrashCatcher;
				PRODUCT_NAME = "$(TARGET_NAME)";
				TARGETED_DEVICE_FAMILY = "1,2";
			};
			name = Debug;
		};
		A18675AB220F244500D09E68 /* Release */ = {
			isa = XCBuildConfiguration;
			baseConfigurationReference = 53629D92434D7617F03A4CE2 /* Pods-CrashCatcher.release.xcconfig */;
			buildSettings = {
				ASSETCATALOG_COMPILER_APPICON_NAME = AppIcon;
				CODE_SIGN_STYLE = Automatic;
				INFOPLIST_FILE = CrashCatcher/Info.plist;
				LD_RUNPATH_SEARCH_PATHS = (
					"$(inherited)",
					"@executable_path/Frameworks",
				);
				PRODUCT_BUNDLE_IDENTIFIER = com.svetliy.CrashCatcher;
				PRODUCT_NAME = "$(TARGET_NAME)";
				TARGETED_DEVICE_FAMILY = "1,2";
			};
			name = Release;
		};
/* End XCBuildConfiguration section */

/* Begin XCConfigurationList section */
		A186758E220F244400D09E68 /* Build configuration list for PBXProject "CrashCatcher" */ = {
			isa = XCConfigurationList;
			buildConfigurations = (
				A18675A7220F244500D09E68 /* Debug */,
				A18675A8220F244500D09E68 /* Release */,
			);
			defaultConfigurationIsVisible = 0;
			defaultConfigurationName = Release;
		};
		A18675A9220F244500D09E68 /* Build configuration list for PBXNativeTarget "CrashCatcher" */ = {
			isa = XCConfigurationList;
			buildConfigurations = (
				A18675AA220F244500D09E68 /* Debug */,
				A18675AB220F244500D09E68 /* Release */,
			);
			defaultConfigurationIsVisible = 0;
			defaultConfigurationName = Release;
		};
/* End XCConfigurationList section */
	};
	rootObject = A186758B220F244400D09E68 /* Project object */;
}
